
Microsoft Visual Studio Solution File, Format Version 12.00
# Visual Studio Version 17
VisualStudioVersion = 17.5.002.0
MinimumVisualStudioVersion = 10.0.40219.1
Project("{9A19103F-16F7-4668-BE54-9A1E7A4F7556}") = "proy001", "proy001\proy001.csproj", "{CC3A878E-27D5-4E5F-B05E-EDA06E719115}"
EndProject
Global
	GlobalSection(SolutionConfigurationPlatforms) = preSolution
		Debug|Any CPU = Debug|Any CPU
		Release|Any CPU = Release|Any CPU
	EndGlobalSection
	GlobalSection(ProjectConfigurationPlatforms) = postSolution
		{CC3A878E-27D5-4E5F-B05E-EDA06E719115}.Debug|Any CPU.ActiveCfg = Debug|Any CPU
		{CC3A878E-27D5-4E5F-B05E-EDA06E719115}.Debug|Any CPU.Build.0 = Debug|Any CPU
		{CC3A878E-27D5-4E5F-B05E-EDA06E719115}.Release|Any CPU.ActiveCfg = Release|Any CPU
		{CC3A878E-27D5-4E5F-B05E-EDA06E719115}.Release|Any CPU.Build.0 = Release|Any CPU
	EndGlobalSection
	GlobalSection(SolutionProperties) = preSolution
		HideSolutionNode = FALSE
	EndGlobalSection
	GlobalSection(ExtensibilityGlobals) = postSolution
		SolutionGuid = {8A282BE5-FE28-423F-93E6-AAA56AD92854}
	EndGlobalSection
EndGlobal
